
Microsoft Visual Studio Solution File, Format Version 12.00
# Visual Studio Version 17
VisualStudioVersion = 17.0.31912.275
MinimumVisualStudioVersion = 10.0.40219.1
Project("{FAE04EC0-301F-11D3-BF4B-00C04F79EFBC}") = "MoviesApi", "MoviesApi\MoviesApi.csproj", "{7AC4BF7E-6DFF-40A4-816D-A00139AF21C9}"
EndProject
Global
	GlobalSection(SolutionConfigurationPlatforms) = preSolution
		Debug|Any CPU = Debug|Any CPU
		Release|Any CPU = Release|Any CPU
	EndGlobalSection
	GlobalSection(ProjectConfigurationPlatforms) = postSolution
		{7AC4BF7E-6DFF-40A4-816D-A00139AF21C9}.Debug|Any CPU.ActiveCfg = Debug|Any CPU
		{7AC4BF7E-6DFF-40A4-816D-A00139AF21C9}.Debug|Any CPU.Build.0 = Debug|Any CPU
		{7AC4BF7E-6DFF-40A4-816D-A00139AF21C9}.Release|Any CPU.ActiveCfg = Release|Any CPU
		{7AC4BF7E-6DFF-40A4-816D-A00139AF21C9}.Release|Any CPU.Build.0 = Release|Any CPU
	EndGlobalSection
	GlobalSection(SolutionProperties) = preSolution
		HideSolutionNode = FALSE
	EndGlobalSection
	GlobalSection(ExtensibilityGlobals) = postSolution
		SolutionGuid = {D25A5678-7B67-4ADB-9923-00E4E93BFB09}
	EndGlobalSection
EndGlobal
